PODS:
  - Alamofire (4.7.0)

DEPENDENCIES:
  - Alamofire (from `https://github.com/Alamofire/Alamofire.git`)

EXTERNAL SOURCES:
  Alamofire:
    :git: https://github.com/Alamofire/Alamofire.git

CHECKOUT OPTIONS:
  Alamofire:
    :commit: d6a9d53cc7024bd04fdd724c58f145bc2330adf2
    :git: https://github.com/Alamofire/Alamofire.git

SPEC CHECKSUMS:
  Alamofire: 907e0a98eb68cdb7f9d1f541a563d6ac5dc77b25

PODFILE CHECKSUM: d07ca78b7fde9ffdd97463dc557cc40b8e1b8c05

COCOAPODS: 1.2.0
